PODS:
  - AFNetworking (4.0.1):
    - AFNetworking/NSURLSession (= 4.0.1)
    - AFNetworking/Reachability (= 4.0.1)
    - AFNetworking/Security (= 4.0.1)
    - AFNetworking/Serialization (= 4.0.1)
    - AFNetworking/UIKit (= 4.0.1)
  - AFNetworking/NSURLSession (4.0.1):
    - AFNetworking/Reachability
    - AFNetworking/Security
    - AFNetworking/Serialization
  - AFNetworking/Reachability (4.0.1)
  - AFNetworking/Security (4.0.1)
  - AFNetworking/Serialization (4.0.1)
  - AFNetworking/UIKit (4.0.1):
    - AFNetworking/NSURLSession
  - auto_orientation (0.0.1):
    - Flutter
  - cdnbye (0.0.1):
    - CDNByeSDK (~> 1.8.0)
    - Flutter
  - CDNByeSDK (1.8.1):
    - CocoaAsyncSocket (~> 7.6)
    - CocoaLumberjack (~> 3.5)
    - GCDWebServer (~> 3.5)
    - PINCache (~> 2.3)
    - SocketRocket (~> 0.5)
    - WebRTCDatachannel (= 0.0.1)
  - CocoaAsyncSocket (7.6.5)
  - CocoaLumberjack (3.7.2):
    - CocoaLumberjack/Core (= 3.7.2)
  - CocoaLumberjack/Core (3.7.2)
  - Flutter (1.0.0)
  - flutter_app_upgrade (0.0.1):
    - Flutter
  - fluttertoast (0.0.2):
    - Flutter
    - Toast
  - FMDB (2.7.5):
    - FMDB/standard (= 2.7.5)
  - FMDB/standard (2.7.5)
  - GCDWebServer (3.5.4):
    - GCDWebServer/Core (= 3.5.4)
  - GCDWebServer/Core (3.5.4)
  - Masonry (1.1.0)
  - package_info (0.0.1):
    - Flutter
  - path_provider (0.0.1):
    - Flutter
  - PINCache (2.3)
  - SDWebImage (5.11.0):
    - SDWebImage/Core (= 5.11.0)
  - SDWebImage/Core (5.11.0)
  - share (0.0.1):
    - Flutter
  - SocketRocket (0.5.1)
  - sqflite (0.0.1):
    - Flutter
    - FMDB (~> 2.7.2)
  - SuperPlayer (3.4.2):
    - AFNetworking
    - Masonry
    - SDWebImage
    - SuperPlayer/Player (= 3.4.2)
  - SuperPlayer/Player (3.4.2):
    - AFNetworking
    - Masonry
    - SDWebImage
    - TXLiteAVSDK_Player
  - Toast (4.0.0)
  - TXLiteAVSDK_Player (8.8.10257)
  - video_player (0.0.1):
    - Flutter
  - WebRTCDatachannel (0.0.1)

DEPENDENCIES:
  - auto_orientation (from `.symlinks/plugins/auto_orientation/ios`)
  - cdnbye (from `.symlinks/plugins/cdnbye/ios`)
  - Flutter (from `Flutter`)
  - flutter_app_upgrade (from `.symlinks/plugins/flutter_app_upgrade/ios`)
  - fluttertoast (from `.symlinks/plugins/fluttertoast/ios`)
  - package_info (from `.symlinks/plugins/package_info/ios`)
  - path_provider (from `.symlinks/plugins/path_provider/ios`)
  - share (from `.symlinks/plugins/share/ios`)
  - sqflite (from `.symlinks/plugins/sqflite/ios`)
  - SuperPlayer
  - video_player (from `.symlinks/plugins/video_player/ios`)

SPEC REPOS:
  trunk:
    - AFNetworking
    - CDNByeSDK
    - CocoaAsyncSocket
    - CocoaLumberjack
    - FMDB
    - GCDWebServer
    - Masonry
    - PINCache
    - SDWebImage
    - SocketRocket
    - SuperPlayer
    - Toast
    - TXLiteAVSDK_Player
    - WebRTCDatachannel

EXTERNAL SOURCES:
  auto_orientation:
    :path: ".symlinks/plugins/auto_orientation/ios"
  cdnbye:
    :path: ".symlinks/plugins/cdnbye/ios"
  Flutter:
    :path: Flutter
  flutter_app_upgrade:
    :path: ".symlinks/plugins/flutter_app_upgrade/ios"
  fluttertoast:
    :path: ".symlinks/plugins/fluttertoast/ios"
  package_info:
    :path: ".symlinks/plugins/package_info/ios"
  path_provider:
    :path: ".symlinks/plugins/path_provider/ios"
  share:
    :path: ".symlinks/plugins/share/ios"
  sqflite:
    :path: ".symlinks/plugins/sqflite/ios"
  video_player:
    :path: ".symlinks/plugins/video_player/ios"

SPEC CHECKSUMS:
  AFNetworking: 7864c38297c79aaca1500c33288e429c3451fdce
  auto_orientation: 2941c44ebe5c3d41016001597ab03e81a92a26ce
  cdnbye: 600d12a5d59532021057d8571a9c92f8d3a2b989
  CDNByeSDK: 3337c7b9af244e7987d731c34c85e8dabaeb3e3a
  CocoaAsyncSocket: 065fd1e645c7abab64f7a6a2007a48038fdc6a99
  CocoaLumberjack: b7e05132ff94f6ae4dfa9d5bce9141893a21d9da
  Flutter: 434fef37c0980e73bb6479ef766c45957d4b510c
  flutter_app_upgrade: a62fbe2a09a2176a7b44211c8355adfcfb969779
  fluttertoast: 6122fa75143e992b1d3470f61000f591a798cc58
  FMDB: 2ce00b547f966261cd18927a3ddb07cb6f3db82a
  GCDWebServer: 2c156a56c8226e2d5c0c3f208a3621ccffbe3ce4
  Masonry: 678fab65091a9290e40e2832a55e7ab731aad201
  package_info: 873975fc26034f0b863a300ad47e7f1ac6c7ec62
  path_provider: abfe2b5c733d04e238b0d8691db0cfd63a27a93c
  PINCache: ce36ed282031b92fc7733ffe831f474ff80fddc2
  SDWebImage: 7acbb57630ac7db4a495547fb73916ff3e432f6b
  share: 0b2c3e82132f5888bccca3351c504d0003b3b410
  SocketRocket: d57c7159b83c3c6655745cd15302aa24b6bae531
  sqflite: 4001a31ff81d210346b500c55b17f4d6c7589dd0
  SuperPlayer: 6a88b64e05291719322d1258a4e0c088bc01b200
  Toast: 91b396c56ee72a5790816f40d3a94dd357abc196
  TXLiteAVSDK_Player: dabdf2e9c4ff4c6e60c148b3a7facf8a52631226
  video_player: 9cc823b1d9da7e8427ee591e8438bfbcde500e6e
  WebRTCDatachannel: acddf02a4ed2f825ececd2e64cbf971c0a209ceb

PODFILE CHECKSUM: 8bd7fd64d2863ce1eef19fceb064155baf188ae6

COCOAPODS: 1.10.1
